// !$*UTF8*$!
{
	archiveVersion = 1;
	classes = {
	};
	objectVersion = 56;
	objects = {

/* Begin PBXBuildFile section */
		2B6F7E0E48C4D5DFB75139F9 /* Pods_TrendAvm.framework in Frameworks */ = {isa = PBXBuildFile; fileRef = 6302ACBDF104A9F10E8916D9 /* Pods_TrendAvm.framework */; };
		A908409D2A0A4EAE00CCD363 /* FavoritesVC.swift in Sources */ = {isa = PBXBuildFile; fileRef = A908409C2A0A4EAE00CCD363 /* FavoritesVC.swift */; };
		A90840A12A0A82DB00CCD363 /* FavoritesCell.swift in Sources */ = {isa = PBXBuildFile; fileRef = A90840A02A0A82DB00CCD363 /* FavoritesCell.swift */; };
		A90987D32A0D102300A9EC02 /* FirebaseManager.swift in Sources */ = {isa = PBXBuildFile; fileRef = A90987D22A0D102300A9EC02 /* FirebaseManager.swift */; };
		A90987D52A0D153700A9EC02 /* FirebaseEndPoint.swift in Sources */ = {isa = PBXBuildFile; fileRef = A90987D42A0D153700A9EC02 /* FirebaseEndPoint.swift */; };
		A98EBC2329F0173B000AA7B1 /* User.swift in Sources */ = {isa = PBXBuildFile; fileRef = A98EBC2229F0173B000AA7B1 /* User.swift */; };
		A98EBC2529F01846000AA7B1 /* LogOutVC.swift in Sources */ = {isa = PBXBuildFile; fileRef = A98EBC2429F01846000AA7B1 /* LogOutVC.swift */; };
		A9944C7729C45128003F83EF /* AppDelegate.swift in Sources */ = {isa = PBXBuildFile; fileRef = A9944C7629C45128003F83EF /* AppDelegate.swift */; };
		A9944C7929C45128003F83EF /* SceneDelegate.swift in Sources */ = {isa = PBXBuildFile; fileRef = A9944C7829C45128003F83EF /* SceneDelegate.swift */; };
		A9944C7B29C45128003F83EF /* ViewController.swift in Sources */ = {isa = PBXBuildFile; fileRef = A9944C7A29C45128003F83EF /* ViewController.swift */; };
		A9944C7E29C45128003F83EF /* Main.storyboard in Resources */ = {isa = PBXBuildFile; fileRef = A9944C7C29C45128003F83EF /* Main.storyboard */; };
		A9944C8029C45128003F83EF /* Assets.xcassets in Resources */ = {isa = PBXBuildFile; fileRef = A9944C7F29C45128003F83EF /* Assets.xcassets */; };
		A9944C8329C45128003F83EF /* LaunchScreen.storyboard in Resources */ = {isa = PBXBuildFile; fileRef = A9944C8129C45128003F83EF /* LaunchScreen.storyboard */; };
		A9944C8F29C45146003F83EF /* SignUpVC.swift in Sources */ = {isa = PBXBuildFile; fileRef = A9944C8C29C45146003F83EF /* SignUpVC.swift */; };
		A9944C9029C45146003F83EF /* LoginVC.swift in Sources */ = {isa = PBXBuildFile; fileRef = A9944C8E29C45146003F83EF /* LoginVC.swift */; };
		A9944C9329C451A4003F83EF /* MBProgressHUD in Frameworks */ = {isa = PBXBuildFile; productRef = A9944C9229C451A4003F83EF /* MBProgressHUD */; };
		A9944C9629C451BD003F83EF /* Alamofire in Frameworks */ = {isa = PBXBuildFile; productRef = A9944C9529C451BD003F83EF /* Alamofire */; };
		A9944C9929C451D4003F83EF /* Kingfisher in Frameworks */ = {isa = PBXBuildFile; productRef = A9944C9829C451D4003F83EF /* Kingfisher */; };
		A9944C9C29C451F1003F83EF /* SwiftyJSON in Frameworks */ = {isa = PBXBuildFile; productRef = A9944C9B29C451F1003F83EF /* SwiftyJSON */; };
		A9944C9F29C45211003F83EF /* SnapKit in Frameworks */ = {isa = PBXBuildFile; productRef = A9944C9E29C45211003F83EF /* SnapKit */; };
		A9944CA129C453F2003F83EF /* GoogleService-Info.plist in Resources */ = {isa = PBXBuildFile; fileRef = A9944CA029C453F2003F83EF /* GoogleService-Info.plist */; };
		A9944CA429C4577A003F83EF /* ProductsVC.swift in Sources */ = {isa = PBXBuildFile; fileRef = A9944CA329C4577A003F83EF /* ProductsVC.swift */; };
		A9944CA829C466A7003F83EF /* Methods.swift in Sources */ = {isa = PBXBuildFile; fileRef = A9944CA729C466A7003F83EF /* Methods.swift */; };
		A998073A29C4891F003A4E49 /* Extensions.swift in Sources */ = {isa = PBXBuildFile; fileRef = A998073929C4891F003A4E49 /* Extensions.swift */; };
		A9BFC72229C848B7002FAD35 /* ProductsCollectionVC.swift in Sources */ = {isa = PBXBuildFile; fileRef = A9BFC72129C848B7002FAD35 /* ProductsCollectionVC.swift */; };
		A9BFC72529C84964002FAD35 /* ProductModel.swift in Sources */ = {isa = PBXBuildFile; fileRef = A9BFC72429C84964002FAD35 /* ProductModel.swift */; };
		A9BFC72829C849C1002FAD35 /* IntegerExt.swift in Sources */ = {isa = PBXBuildFile; fileRef = A9BFC72729C849C1002FAD35 /* IntegerExt.swift */; };
		A9BFC72A29C849DE002FAD35 /* DoubleExt.swift in Sources */ = {isa = PBXBuildFile; fileRef = A9BFC72929C849DE002FAD35 /* DoubleExt.swift */; };
		A9BFC72F29C84A3D002FAD35 /* ProductsViewModel.swift in Sources */ = {isa = PBXBuildFile; fileRef = A9BFC72E29C84A3D002FAD35 /* ProductsViewModel.swift */; };
		A9BFC73829C84A5C002FAD35 /* TrendAvmEndPoint.swift in Sources */ = {isa = PBXBuildFile; fileRef = A9BFC73229C84A5C002FAD35 /* TrendAvmEndPoint.swift */; };
		A9BFC73929C84A5C002FAD35 /* NetworkManager.swift in Sources */ = {isa = PBXBuildFile; fileRef = A9BFC73429C84A5C002FAD35 /* NetworkManager.swift */; };
		A9BFC73A29C84A5C002FAD35 /* NetworkError.swift in Sources */ = {isa = PBXBuildFile; fileRef = A9BFC73529C84A5C002FAD35 /* NetworkError.swift */; };
		A9BFC73B29C84A5C002FAD35 /* ErrorAlert.swift in Sources */ = {isa = PBXBuildFile; fileRef = A9BFC73629C84A5C002FAD35 /* ErrorAlert.swift */; };
		A9BFC73C29C84A5C002FAD35 /* Endpoint.swift in Sources */ = {isa = PBXBuildFile; fileRef = A9BFC73729C84A5C002FAD35 /* Endpoint.swift */; };
		A9BFC73E29C84A90002FAD35 /* Observable.swift in Sources */ = {isa = PBXBuildFile; fileRef = A9BFC73D29C84A90002FAD35 /* Observable.swift */; };
		A9BFC74029C84BFB002FAD35 /* ProductDetailVC.swift in Sources */ = {isa = PBXBuildFile; fileRef = A9BFC73F29C84BFB002FAD35 /* ProductDetailVC.swift */; };
		A9BFC74229C864CD002FAD35 /* CartVC.swift in Sources */ = {isa = PBXBuildFile; fileRef = A9BFC74129C864CD002FAD35 /* CartVC.swift */; };
		A9BFC74529C87341002FAD35 /* CartCell.swift in Sources */ = {isa = PBXBuildFile; fileRef = A9BFC74429C87341002FAD35 /* CartCell.swift */; };
		A9D5E5CC2A14E7A200F694F6 /* ViewControllerExt.swift in Sources */ = {isa = PBXBuildFile; fileRef = A9D5E5CB2A14E7A200F694F6 /* ViewControllerExt.swift */; };
		A9F134E22A026982006BB554 /* LabelVC.swift in Sources */ = {isa = PBXBuildFile; fileRef = A9F134E12A026982006BB554 /* LabelVC.swift */; };
/* End PBXBuildFile section */

/* Begin PBXFileReference section */
		0171BAD86216623CABFB7526 /* Pods-TrendAvm.debug.xcconfig */ = {isa = PBXFileReference; includeInIndex = 1; lastKnownFileType = text.xcconfig; name = "Pods-TrendAvm.debug.xcconfig"; path = "Target Support Files/Pods-TrendAvm/Pods-TrendAvm.debug.xcconfig"; sourceTree = "<group>"; };
		223EFD5ACE76D2CFBFB66851 /* Pods-TrendAvm.release.xcconfig */ = {isa = PBXFileReference; includeInIndex = 1; lastKnownFileType = text.xcconfig; name = "Pods-TrendAvm.release.xcconfig"; path = "Target Support Files/Pods-TrendAvm/Pods-TrendAvm.release.xcconfig"; sourceTree = "<group>"; };
		6302ACBDF104A9F10E8916D9 /* Pods_TrendAvm.framework */ = {isa = PBXFileReference; explicitFileType = wrapper.framework; includeInIndex = 0; path = Pods_TrendAvm.framework; sourceTree = BUILT_PRODUCTS_DIR; };
		A908409C2A0A4EAE00CCD363 /* FavoritesVC.swift */ = {isa = PBXFileReference; lastKnownFileType = sourcecode.swift; path = FavoritesVC.swift; sourceTree = "<group>"; };
		A90840A02A0A82DB00CCD363 /* FavoritesCell.swift */ = {isa = PBXFileReference; lastKnownFileType = sourcecode.swift; path = FavoritesCell.swift; sourceTree = "<group>"; };
		A90987D22A0D102300A9EC02 /* FirebaseManager.swift */ = {isa = PBXFileReference; lastKnownFileType = sourcecode.swift; path = FirebaseManager.swift; sourceTree = "<group>"; };
		A90987D42A0D153700A9EC02 /* FirebaseEndPoint.swift */ = {isa = PBXFileReference; lastKnownFileType = sourcecode.swift; path = FirebaseEndPoint.swift; sourceTree = "<group>"; };
		A98EBC2229F0173B000AA7B1 /* User.swift */ = {isa = PBXFileReference; lastKnownFileType = sourcecode.swift; path = User.swift; sourceTree = "<group>"; };
		A98EBC2429F01846000AA7B1 /* LogOutVC.swift */ = {isa = PBXFileReference; lastKnownFileType = sourcecode.swift; path = LogOutVC.swift; sourceTree = "<group>"; };
		A9944C7329C45128003F83EF /* TrendAvm.app */ = {isa = PBXFileReference; explicitFileType = wrapper.application; includeInIndex = 0; path = TrendAvm.app; sourceTree = BUILT_PRODUCTS_DIR; };
		A9944C7629C45128003F83EF /* AppDelegate.swift */ = {isa = PBXFileReference; lastKnownFileType = sourcecode.swift; path = AppDelegate.swift; sourceTree = "<group>"; };
		A9944C7829C45128003F83EF /* SceneDelegate.swift */ = {isa = PBXFileReference; lastKnownFileType = sourcecode.swift; path = SceneDelegate.swift; sourceTree = "<group>"; };
		A9944C7A29C45128003F83EF /* ViewController.swift */ = {isa = PBXFileReference; lastKnownFileType = sourcecode.swift; path = ViewController.swift; sourceTree = "<group>"; };
		A9944C7D29C45128003F83EF /* Base */ = {isa = PBXFileReference; lastKnownFileType = file.storyboard; name = Base; path = Base.lproj/Main.storyboard; sourceTree = "<group>"; };
		A9944C7F29C45128003F83EF /* Assets.xcassets */ = {isa = PBXFileReference; lastKnownFileType = folder.assetcatalog; path = Assets.xcassets; sourceTree = "<group>"; };
		A9944C8229C45128003F83EF /* Base */ = {isa = PBXFileReference; lastKnownFileType = file.storyboard; name = Base; path = Base.lproj/LaunchScreen.storyboard; sourceTree = "<group>"; };
		A9944C8429C45128003F83EF /* Info.plist */ = {isa = PBXFileReference; lastKnownFileType = text.plist.xml; path = Info.plist; sourceTree = "<group>"; };
		A9944C8C29C45146003F83EF /* SignUpVC.swift */ = {isa = PBXFileReference; fileEncoding = 4; lastKnownFileType = sourcecode.swift; path = SignUpVC.swift; sourceTree = "<group>"; };
		A9944C8E29C45146003F83EF /* LoginVC.swift */ = {isa = PBXFileReference; fileEncoding = 4; lastKnownFileType = sourcecode.swift; path = LoginVC.swift; sourceTree = "<group>"; };
		A9944CA029C453F2003F83EF /* GoogleService-Info.plist */ = {isa = PBXFileReference; fileEncoding = 4; lastKnownFileType = text.plist.xml; path = "GoogleService-Info.plist"; sourceTree = "<group>"; };
		A9944CA329C4577A003F83EF /* ProductsVC.swift */ = {isa = PBXFileReference; lastKnownFileType = sourcecode.swift; path = ProductsVC.swift; sourceTree = "<group>"; };
		A9944CA729C466A7003F83EF /* Methods.swift */ = {isa = PBXFileReference; lastKnownFileType = sourcecode.swift; path = Methods.swift; sourceTree = "<group>"; };
		A998073929C4891F003A4E49 /* Extensions.swift */ = {isa = PBXFileReference; lastKnownFileType = sourcecode.swift; path = Extensions.swift; sourceTree = "<group>"; };
		A9BFC72129C848B7002FAD35 /* ProductsCollectionVC.swift */ = {isa = PBXFileReference; lastKnownFileType = sourcecode.swift; path = ProductsCollectionVC.swift; sourceTree = "<group>"; };
		A9BFC72429C84964002FAD35 /* ProductModel.swift */ = {isa = PBXFileReference; lastKnownFileType = sourcecode.swift; path = ProductModel.swift; sourceTree = "<group>"; };
		A9BFC72729C849C1002FAD35 /* IntegerExt.swift */ = {isa = PBXFileReference; lastKnownFileType = sourcecode.swift; path = IntegerExt.swift; sourceTree = "<group>"; };
		A9BFC72929C849DE002FAD35 /* DoubleExt.swift */ = {isa = PBXFileReference; lastKnownFileType = sourcecode.swift; path = DoubleExt.swift; sourceTree = "<group>"; };
		A9BFC72E29C84A3D002FAD35 /* ProductsViewModel.swift */ = {isa = PBXFileReference; lastKnownFileType = sourcecode.swift; path = ProductsViewModel.swift; sourceTree = "<group>"; };
		A9BFC73229C84A5C002FAD35 /* TrendAvmEndPoint.swift */ = {isa = PBXFileReference; fileEncoding = 4; lastKnownFileType = sourcecode.swift; path = TrendAvmEndPoint.swift; sourceTree = "<group>"; };
		A9BFC73429C84A5C002FAD35 /* NetworkManager.swift */ = {isa = PBXFileReference; fileEncoding = 4; lastKnownFileType = sourcecode.swift; path = NetworkManager.swift; sourceTree = "<group>"; };
		A9BFC73529C84A5C002FAD35 /* NetworkError.swift */ = {isa = PBXFileReference; fileEncoding = 4; lastKnownFileType = sourcecode.swift; path = NetworkError.swift; sourceTree = "<group>"; };
		A9BFC73629C84A5C002FAD35 /* ErrorAlert.swift */ = {isa = PBXFileReference; fileEncoding = 4; lastKnownFileType = sourcecode.swift; path = ErrorAlert.swift; sourceTree = "<group>"; };
		A9BFC73729C84A5C002FAD35 /* Endpoint.swift */ = {isa = PBXFileReference; fileEncoding = 4; lastKnownFileType = sourcecode.swift; path = Endpoint.swift; sourceTree = "<group>"; };
		A9BFC73D29C84A90002FAD35 /* Observable.swift */ = {isa = PBXFileReference; fileEncoding = 4; lastKnownFileType = sourcecode.swift; path = Observable.swift; sourceTree = "<group>"; };
		A9BFC73F29C84BFB002FAD35 /* ProductDetailVC.swift */ = {isa = PBXFileReference; fileEncoding = 4; lastKnownFileType = sourcecode.swift; path = ProductDetailVC.swift; sourceTree = "<group>"; };
		A9BFC74129C864CD002FAD35 /* CartVC.swift */ = {isa = PBXFileReference; lastKnownFileType = sourcecode.swift; path = CartVC.swift; sourceTree = "<group>"; };
		A9BFC74429C87341002FAD35 /* CartCell.swift */ = {isa = PBXFileReference; lastKnownFileType = sourcecode.swift; path = CartCell.swift; sourceTree = "<group>"; };
		A9D5E5CB2A14E7A200F694F6 /* ViewControllerExt.swift */ = {isa = PBXFileReference; lastKnownFileType = sourcecode.swift; path = ViewControllerExt.swift; sourceTree = "<group>"; };
		A9F134E12A026982006BB554 /* LabelVC.swift */ = {isa = PBXFileReference; lastKnownFileType = sourcecode.swift; path = LabelVC.swift; sourceTree = "<group>"; };
/* End PBXFileReference section */

/* Begin PBXFrameworksBuildPhase section */
		A9944C7029C45128003F83EF /* Frameworks */ = {
			isa = PBXFrameworksBuildPhase;
			buildActionMask = 2147483647;
			files = (
				A9944C9929C451D4003F83EF /* Kingfisher in Frameworks */,
				A9944C9329C451A4003F83EF /* MBProgressHUD in Frameworks */,
				A9944C9C29C451F1003F83EF /* SwiftyJSON in Frameworks */,
				A9944C9629C451BD003F83EF /* Alamofire in Frameworks */,
				A9944C9F29C45211003F83EF /* SnapKit in Frameworks */,
				2B6F7E0E48C4D5DFB75139F9 /* Pods_TrendAvm.framework in Frameworks */,
			);
			runOnlyForDeploymentPostprocessing = 0;
		};
/* End PBXFrameworksBuildPhase section */

/* Begin PBXGroup section */
		636E9AE19363E3645E42C44C /* Frameworks */ = {
			isa = PBXGroup;
			children = (
				6302ACBDF104A9F10E8916D9 /* Pods_TrendAvm.framework */,
			);
			name = Frameworks;
			sourceTree = "<group>";
		};
		A908409E2A0A826C00CCD363 /* Products */ = {
			isa = PBXGroup;
			children = (
				A9944CA329C4577A003F83EF /* ProductsVC.swift */,
				A9BFC73F29C84BFB002FAD35 /* ProductDetailVC.swift */,
				A9BFC72129C848B7002FAD35 /* ProductsCollectionVC.swift */,
			);
			path = Products;
			sourceTree = "<group>";
		};
		A908409F2A0A827B00CCD363 /* Favorites */ = {
			isa = PBXGroup;
			children = (
				A908409C2A0A4EAE00CCD363 /* FavoritesVC.swift */,
				A90840A02A0A82DB00CCD363 /* FavoritesCell.swift */,
			);
			path = Favorites;
			sourceTree = "<group>";
		};
		A9944C6A29C45128003F83EF = {
			isa = PBXGroup;
			children = (
				A9944C7529C45128003F83EF /* TrendAvm */,
				A9944C7429C45128003F83EF /* Products */,
				DA88951572F2DC3BC7EE5642 /* Pods */,
				636E9AE19363E3645E42C44C /* Frameworks */,
			);
			sourceTree = "<group>";
		};
		A9944C7429C45128003F83EF /* Products */ = {
			isa = PBXGroup;
			children = (
				A9944C7329C45128003F83EF /* TrendAvm.app */,
			);
			name = Products;
			sourceTree = "<group>";
		};
		A9944C7529C45128003F83EF /* TrendAvm */ = {
			isa = PBXGroup;
			children = (
				A9BFC73029C84A5C002FAD35 /* Network */,
				A9BFC72B29C84A14002FAD35 /* ViewModel */,
				A9BFC72629C849AE002FAD35 /* Utulities */,
				A9BFC72329C8494B002FAD35 /* Model */,
				A9944C8A29C45146003F83EF /* View */,
				A9944C7629C45128003F83EF /* AppDelegate.swift */,
				A9944CA029C453F2003F83EF /* GoogleService-Info.plist */,
				A9944C7829C45128003F83EF /* SceneDelegate.swift */,
				A9944C7A29C45128003F83EF /* ViewController.swift */,
				A9944C7C29C45128003F83EF /* Main.storyboard */,
				A9944C7F29C45128003F83EF /* Assets.xcassets */,
				A9944C8129C45128003F83EF /* LaunchScreen.storyboard */,
				A9944C8429C45128003F83EF /* Info.plist */,
				A9944CA729C466A7003F83EF /* Methods.swift */,
				A998073929C4891F003A4E49 /* Extensions.swift */,
			);
			path = TrendAvm;
			sourceTree = "<group>";
		};
		A9944C8A29C45146003F83EF /* View */ = {
			isa = PBXGroup;
			children = (
				A9944CA229C45770003F83EF /* Home */,
				A9944C8B29C45146003F83EF /* SignUp */,
				A9944C8D29C45146003F83EF /* Login */,
			);
			path = View;
			sourceTree = "<group>";
		};
		A9944C8B29C45146003F83EF /* SignUp */ = {
			isa = PBXGroup;
			children = (
				A9944C8C29C45146003F83EF /* SignUpVC.swift */,
			);
			path = SignUp;
			sourceTree = "<group>";
		};
		A9944C8D29C45146003F83EF /* Login */ = {
			isa = PBXGroup;
			children = (
				A9944C8E29C45146003F83EF /* LoginVC.swift */,
				A98EBC2429F01846000AA7B1 /* LogOutVC.swift */,
			);
			path = Login;
			sourceTree = "<group>";
		};
		A9944CA229C45770003F83EF /* Home */ = {
			isa = PBXGroup;
			children = (
				A908409F2A0A827B00CCD363 /* Favorites */,
				A908409E2A0A826C00CCD363 /* Products */,
				A9BFC74329C87324002FAD35 /* Charts */,
			);
			path = Home;
			sourceTree = "<group>";
		};
		A9BFC72329C8494B002FAD35 /* Model */ = {
			isa = PBXGroup;
			children = (
				A9BFC72429C84964002FAD35 /* ProductModel.swift */,
				A98EBC2229F0173B000AA7B1 /* User.swift */,
			);
			path = Model;
			sourceTree = "<group>";
		};
		A9BFC72629C849AE002FAD35 /* Utulities */ = {
			isa = PBXGroup;
			children = (
				A9BFC73D29C84A90002FAD35 /* Observable.swift */,
				A9BFC72729C849C1002FAD35 /* IntegerExt.swift */,
				A9BFC72929C849DE002FAD35 /* DoubleExt.swift */,
				A9D5E5CB2A14E7A200F694F6 /* ViewControllerExt.swift */,
			);
			path = Utulities;
			sourceTree = "<group>";
		};
		A9BFC72B29C84A14002FAD35 /* ViewModel */ = {
			isa = PBXGroup;
			children = (
				A9BFC72E29C84A3D002FAD35 /* ProductsViewModel.swift */,
			);
			path = ViewModel;
			sourceTree = "<group>";
		};
		A9BFC73029C84A5C002FAD35 /* Network */ = {
			isa = PBXGroup;
			children = (
				A9BFC73129C84A5C002FAD35 /* EndPoints */,
				A9BFC73329C84A5C002FAD35 /* Base */,
			);
			path = Network;
			sourceTree = "<group>";
		};
		A9BFC73129C84A5C002FAD35 /* EndPoints */ = {
			isa = PBXGroup;
			children = (
				A9BFC73229C84A5C002FAD35 /* TrendAvmEndPoint.swift */,
				A90987D42A0D153700A9EC02 /* FirebaseEndPoint.swift */,
			);
			path = EndPoints;
			sourceTree = "<group>";
		};
		A9BFC73329C84A5C002FAD35 /* Base */ = {
			isa = PBXGroup;
			children = (
				A9BFC73429C84A5C002FAD35 /* NetworkManager.swift */,
				A9BFC73529C84A5C002FAD35 /* NetworkError.swift */,
				A9BFC73629C84A5C002FAD35 /* ErrorAlert.swift */,
				A9BFC73729C84A5C002FAD35 /* Endpoint.swift */,
				A90987D22A0D102300A9EC02 /* FirebaseManager.swift */,
			);
			path = Base;
			sourceTree = "<group>";
		};
		A9BFC74329C87324002FAD35 /* Charts */ = {
			isa = PBXGroup;
			children = (
				A9BFC74129C864CD002FAD35 /* CartVC.swift */,
				A9BFC74429C87341002FAD35 /* CartCell.swift */,
				A9F134E12A026982006BB554 /* LabelVC.swift */,
			);
			path = Charts;
			sourceTree = "<group>";
		};
		DA88951572F2DC3BC7EE5642 /* Pods */ = {
			isa = PBXGroup;
			children = (
				0171BAD86216623CABFB7526 /* Pods-TrendAvm.debug.xcconfig */,
				223EFD5ACE76D2CFBFB66851 /* Pods-TrendAvm.release.xcconfig */,
			);
			path = Pods;
			sourceTree = "<group>";
		};
/* End PBXGroup section */

/* Begin PBXNativeTarget section */
		A9944C7229C45128003F83EF /* TrendAvm */ = {
			isa = PBXNativeTarget;
			buildConfigurationList = A9944C8729C45128003F83EF /* Build configuration list for PBXNativeTarget "TrendAvm" */;
			buildPhases = (
				D43AFCD9B8D4EF52C8FCC74D /* [CP] Check Pods Manifest.lock */,
				A9944C6F29C45128003F83EF /* Sources */,
				A9944C7029C45128003F83EF /* Frameworks */,
				A9944C7129C45128003F83EF /* Resources */,
				3C54C27AEFD4B3BBD9F355D9 /* [CP] Embed Pods Frameworks */,
			);
			buildRules = (
			);
			dependencies = (
			);
			name = TrendAvm;
			packageProductDependencies = (
				A9944C9229C451A4003F83EF /* MBProgressHUD */,
				A9944C9529C451BD003F83EF /* Alamofire */,
				A9944C9829C451D4003F83EF /* Kingfisher */,
				A9944C9B29C451F1003F83EF /* SwiftyJSON */,
				A9944C9E29C45211003F83EF /* SnapKit */,
			);
			productName = TrendAvm;
			productReference = A9944C7329C45128003F83EF /* TrendAvm.app */;
			productType = "com.apple.product-type.application";
		};
/* End PBXNativeTarget section */

/* Begin PBXProject section */
		A9944C6B29C45128003F83EF /* Project object */ = {
			isa = PBXProject;
			attributes = {
				BuildIndependentTargetsInParallel = 1;
				LastSwiftUpdateCheck = 1410;
				LastUpgradeCheck = 1410;
				TargetAttributes = {
					A9944C7229C45128003F83EF = {
						CreatedOnToolsVersion = 14.1;
						LastSwiftMigration = 1430;
					};
				};
			};
			buildConfigurationList = A9944C6E29C45128003F83EF /* Build configuration list for PBXProject "TrendAvm" */;
			compatibilityVersion = "Xcode 14.0";
			developmentRegion = en;
			hasScannedForEncodings = 0;
			knownRegions = (
				en,
				Base,
			);
			mainGroup = A9944C6A29C45128003F83EF;
			packageReferences = (
				A9944C9129C451A4003F83EF /* XCRemoteSwiftPackageReference "MBProgressHUD" */,
				A9944C9429C451BD003F83EF /* XCRemoteSwiftPackageReference "Alamofire" */,
				A9944C9729C451D4003F83EF /* XCRemoteSwiftPackageReference "Kingfisher" */,
				A9944C9A29C451F1003F83EF /* XCRemoteSwiftPackageReference "SwiftyJSON" */,
				A9944C9D29C45211003F83EF /* XCRemoteSwiftPackageReference "SnapKit" */,
			);
			productRefGroup = A9944C7429C45128003F83EF /* Products */;
			projectDirPath = "";
			projectRoot = "";
			targets = (
				A9944C7229C45128003F83EF /* TrendAvm */,
			);
		};
/* End PBXProject section */

/* Begin PBXResourcesBuildPhase section */
		A9944C7129C45128003F83EF /* Resources */ = {
			isa = PBXResourcesBuildPhase;
			buildActionMask = 2147483647;
			files = (
				A9944C8329C45128003F83EF /* LaunchScreen.storyboard in Resources */,
				A9944CA129C453F2003F83EF /* GoogleService-Info.plist in Resources */,
				A9944C8029C45128003F83EF /* Assets.xcassets in Resources */,
				A9944C7E29C45128003F83EF /* Main.storyboard in Resources */,
			);
			runOnlyForDeploymentPostprocessing = 0;
		};
/* End PBXResourcesBuildPhase section */

/* Begin PBXShellScriptBuildPhase section */
		3C54C27AEFD4B3BBD9F355D9 /* [CP] Embed Pods Frameworks */ = {
			isa = PBXShellScriptBuildPhase;
			buildActionMask = 2147483647;
			files = (
			);
			inputFileListPaths = (
				"${PODS_ROOT}/Target Support Files/Pods-TrendAvm/Pods-TrendAvm-frameworks-${CONFIGURATION}-input-files.xcfilelist",
			);
			name = "[CP] Embed Pods Frameworks";
			outputFileListPaths = (
				"${PODS_ROOT}/Target Support Files/Pods-TrendAvm/Pods-TrendAvm-frameworks-${CONFIGURATION}-output-files.xcfilelist",
			);
			runOnlyForDeploymentPostprocessing = 0;
			shellPath = /bin/sh;
			shellScript = "\"${PODS_ROOT}/Target Support Files/Pods-TrendAvm/Pods-TrendAvm-frameworks.sh\"\n";
			showEnvVarsInLog = 0;
		};
		D43AFCD9B8D4EF52C8FCC74D /* [CP] Check Pods Manifest.lock */ = {
			isa = PBXShellScriptBuildPhase;
			buildActionMask = 2147483647;
			files = (
			);
			inputFileListPaths = (
			);
			inputPaths = (
				"${PODS_PODFILE_DIR_PATH}/Podfile.lock",
				"${PODS_ROOT}/Manifest.lock",
			);
			name = "[CP] Check Pods Manifest.lock";
			outputFileListPaths = (
			);
			outputPaths = (
				"$(DERIVED_FILE_DIR)/Pods-TrendAvm-checkManifestLockResult.txt",
			);
			runOnlyForDeploymentPostprocessing = 0;
			shellPath = /bin/sh;
			shellScript = "diff \"${PODS_PODFILE_DIR_PATH}/Podfile.lock\" \"${PODS_ROOT}/Manifest.lock\" > /dev/null\nif [ $? != 0 ] ; then\n    # print error to STDERR\n    echo \"error: The sandbox is not in sync with the Podfile.lock. Run 'pod install' or update your CocoaPods installation.\" >&2\n    exit 1\nfi\n# This output is used by Xcode 'outputs' to avoid re-running this script phase.\necho \"SUCCESS\" > \"${SCRIPT_OUTPUT_FILE_0}\"\n";
			showEnvVarsInLog = 0;
		};
/* End PBXShellScriptBuildPhase section */

/* Begin PBXSourcesBuildPhase section */
		A9944C6F29C45128003F83EF /* Sources */ = {
			isa = PBXSourcesBuildPhase;
			buildActionMask = 2147483647;
			files = (
				A9BFC74529C87341002FAD35 /* CartCell.swift in Sources */,
				A9BFC73E29C84A90002FAD35 /* Observable.swift in Sources */,
				A9BFC74029C84BFB002FAD35 /* ProductDetailVC.swift in Sources */,
				A9944C8F29C45146003F83EF /* SignUpVC.swift in Sources */,
				A9BFC74229C864CD002FAD35 /* CartVC.swift in Sources */,
				A90840A12A0A82DB00CCD363 /* FavoritesCell.swift in Sources */,
				A9BFC73A29C84A5C002FAD35 /* NetworkError.swift in Sources */,
				A9944CA829C466A7003F83EF /* Methods.swift in Sources */,
				A9BFC73B29C84A5C002FAD35 /* ErrorAlert.swift in Sources */,
				A9BFC72229C848B7002FAD35 /* ProductsCollectionVC.swift in Sources */,
				A9BFC72F29C84A3D002FAD35 /* ProductsViewModel.swift in Sources */,
				A9944C7B29C45128003F83EF /* ViewController.swift in Sources */,
				A90987D52A0D153700A9EC02 /* FirebaseEndPoint.swift in Sources */,
				A998073A29C4891F003A4E49 /* Extensions.swift in Sources */,
				A9F134E22A026982006BB554 /* LabelVC.swift in Sources */,
				A98EBC2529F01846000AA7B1 /* LogOutVC.swift in Sources */,
				A9D5E5CC2A14E7A200F694F6 /* ViewControllerExt.swift in Sources */,
				A9944C7729C45128003F83EF /* AppDelegate.swift in Sources */,
				A90987D32A0D102300A9EC02 /* FirebaseManager.swift in Sources */,
				A9BFC72829C849C1002FAD35 /* IntegerExt.swift in Sources */,
				A9BFC73C29C84A5C002FAD35 /* Endpoint.swift in Sources */,
				A9944CA429C4577A003F83EF /* ProductsVC.swift in Sources */,
				A908409D2A0A4EAE00CCD363 /* FavoritesVC.swift in Sources */,
				A9BFC73829C84A5C002FAD35 /* TrendAvmEndPoint.swift in Sources */,
				A9944C7929C45128003F83EF /* SceneDelegate.swift in Sources */,
				A9944C9029C45146003F83EF /* LoginVC.swift in Sources */,
				A9BFC73929C84A5C002FAD35 /* NetworkManager.swift in Sources */,
				A9BFC72A29C849DE002FAD35 /* DoubleExt.swift in Sources */,
				A9BFC72529C84964002FAD35 /* ProductModel.swift in Sources */,
				A98EBC2329F0173B000AA7B1 /* User.swift in Sources */,
			);
			runOnlyForDeploymentPostprocessing = 0;
		};
/* End PBXSourcesBuildPhase section */

/* Begin PBXVariantGroup section */
		A9944C7C29C45128003F83EF /* Main.storyboard */ = {
			isa = PBXVariantGroup;
			children = (
				A9944C7D29C45128003F83EF /* Base */,
			);
			name = Main.storyboard;
			sourceTree = "<group>";
		};
		A9944C8129C45128003F83EF /* LaunchScreen.storyboard */ = {
			isa = PBXVariantGroup;
			children = (
				A9944C8229C45128003F83EF /* Base */,
			);
			name = LaunchScreen.storyboard;
			sourceTree = "<group>";
		};
/* End PBXVariantGroup section */

/* Begin XCBuildConfiguration section */
		A9944C8529C45128003F83EF /* Debug */ = {
			isa = XCBuildConfiguration;
			buildSettings = {
				ALWAYS_SEARCH_USER_PATHS = NO;
				CLANG_ANALYZER_NONNULL = YES;
				CLANG_ANALYZER_NUMBER_OBJECT_CONVERSION = YES_AGGRESSIVE;
				CLANG_CXX_LANGUAGE_STANDARD = "gnu++20";
				CLANG_ENABLE_MODULES = YES;
				CLANG_ENABLE_OBJC_ARC = YES;
				CLANG_ENABLE_OBJC_WEAK = YES;
				CLANG_WARN_BLOCK_CAPTURE_AUTORELEASING = YES;
				CLANG_WARN_BOOL_CONVERSION = YES;
				CLANG_WARN_COMMA = YES;
				CLANG_WARN_CONSTANT_CONVERSION = YES;
				CLANG_WARN_DEPRECATED_OBJC_IMPLEMENTATIONS = YES;
				CLANG_WARN_DIRECT_OBJC_ISA_USAGE = YES_ERROR;
				CLANG_WARN_DOCUMENTATION_COMMENTS = YES;
				CLANG_WARN_EMPTY_BODY = YES;
				CLANG_WARN_ENUM_CONVERSION = YES;
				CLANG_WARN_INFINITE_RECURSION = YES;
				CLANG_WARN_INT_CONVERSION = YES;
				CLANG_WARN_NON_LITERAL_NULL_CONVERSION = YES;
				CLANG_WARN_OBJC_IMPLICIT_RETAIN_SELF = YES;
				CLANG_WARN_OBJC_LITERAL_CONVERSION = YES;
				CLANG_WARN_OBJC_ROOT_CLASS = YES_ERROR;
				CLANG_WARN_QUOTED_INCLUDE_IN_FRAMEWORK_HEADER = YES;
				CLANG_WARN_RANGE_LOOP_ANALYSIS = YES;
				CLANG_WARN_STRICT_PROTOTYPES = YES;
				CLANG_WARN_SUSPICIOUS_MOVE = YES;
				CLANG_WARN_UNGUARDED_AVAILABILITY = YES_AGGRESSIVE;
				CLANG_WARN_UNREACHABLE_CODE = YES;
				CLANG_WARN__DUPLICATE_METHOD_MATCH = YES;
				COPY_PHASE_STRIP = NO;
				DEBUG_INFORMATION_FORMAT = dwarf;
				ENABLE_STRICT_OBJC_MSGSEND = YES;
				ENABLE_TESTABILITY = YES;
				GCC_C_LANGUAGE_STANDARD = gnu11;
				GCC_DYNAMIC_NO_PIC = NO;
				GCC_NO_COMMON_BLOCKS = YES;
				GCC_OPTIMIZATION_LEVEL = 0;
				GCC_PREPROCESSOR_DEFINITIONS = (
					"DEBUG=1",
					"$(inherited)",
				);
				GCC_WARN_64_TO_32_BIT_CONVERSION = YES;
				GCC_WARN_ABOUT_RETURN_TYPE = YES_ERROR;
				GCC_WARN_UNDECLARED_SELECTOR = YES;
				GCC_WARN_UNINITIALIZED_AUTOS = YES_AGGRESSIVE;
				GCC_WARN_UNUSED_FUNCTION = YES;
				GCC_WARN_UNUSED_VARIABLE = YES;
				IPHONEOS_DEPLOYMENT_TARGET = 16.1;
				MTL_ENABLE_DEBUG_INFO = INCLUDE_SOURCE;
				MTL_FAST_MATH = YES;
				ONLY_ACTIVE_ARCH = YES;
				SDKROOT = iphoneos;
				SWIFT_ACTIVE_COMPILATION_CONDITIONS = DEBUG;
				SWIFT_OPTIMIZATION_LEVEL = "-Onone";
			};
			name = Debug;
		};
		A9944C8629C45128003F83EF /* Release */ = {
			isa = XCBuildConfiguration;
			buildSettings = {
				ALWAYS_SEARCH_USER_PATHS = NO;
				CLANG_ANALYZER_NONNULL = YES;
				CLANG_ANALYZER_NUMBER_OBJECT_CONVERSION = YES_AGGRESSIVE;
				CLANG_CXX_LANGUAGE_STANDARD = "gnu++20";
				CLANG_ENABLE_MODULES = YES;
				CLANG_ENABLE_OBJC_ARC = YES;
				CLANG_ENABLE_OBJC_WEAK = YES;
				CLANG_WARN_BLOCK_CAPTURE_AUTORELEASING = YES;
				CLANG_WARN_BOOL_CONVERSION = YES;
				CLANG_WARN_COMMA = YES;
				CLANG_WARN_CONSTANT_CONVERSION = YES;
				CLANG_WARN_DEPRECATED_OBJC_IMPLEMENTATIONS = YES;
				CLANG_WARN_DIRECT_OBJC_ISA_USAGE = YES_ERROR;
				CLANG_WARN_DOCUMENTATION_COMMENTS = YES;
				CLANG_WARN_EMPTY_BODY = YES;
				CLANG_WARN_ENUM_CONVERSION = YES;
				CLANG_WARN_INFINITE_RECURSION = YES;
				CLANG_WARN_INT_CONVERSION = YES;
				CLANG_WARN_NON_LITERAL_NULL_CONVERSION = YES;
				CLANG_WARN_OBJC_IMPLICIT_RETAIN_SELF = YES;
				CLANG_WARN_OBJC_LITERAL_CONVERSION = YES;
				CLANG_WARN_OBJC_ROOT_CLASS = YES_ERROR;
				CLANG_WARN_QUOTED_INCLUDE_IN_FRAMEWORK_HEADER = YES;
				CLANG_WARN_RANGE_LOOP_ANALYSIS = YES;
				CLANG_WARN_STRICT_PROTOTYPES = YES;
				CLANG_WARN_SUSPICIOUS_MOVE = YES;
				CLANG_WARN_UNGUARDED_AVAILABILITY = YES_AGGRESSIVE;
				CLANG_WARN_UNREACHABLE_CODE = YES;
				CLANG_WARN__DUPLICATE_METHOD_MATCH = YES;
				COPY_PHASE_STRIP = NO;
				DEBUG_INFORMATION_FORMAT = "dwarf-with-dsym";
				ENABLE_NS_ASSERTIONS = NO;
				ENABLE_STRICT_OBJC_MSGSEND = YES;
				GCC_C_LANGUAGE_STANDARD = gnu11;
				GCC_NO_COMMON_BLOCKS = YES;
				GCC_WARN_64_TO_32_BIT_CONVERSION = YES;
				GCC_WARN_ABOUT_RETURN_TYPE = YES_ERROR;
				GCC_WARN_UNDECLARED_SELECTOR = YES;
				GCC_WARN_UNINITIALIZED_AUTOS = YES_AGGRESSIVE;
				GCC_WARN_UNUSED_FUNCTION = YES;
				GCC_WARN_UNUSED_VARIABLE = YES;
				IPHONEOS_DEPLOYMENT_TARGET = 16.1;
				MTL_ENABLE_DEBUG_INFO = NO;
				MTL_FAST_MATH = YES;
				SDKROOT = iphoneos;
				SWIFT_COMPILATION_MODE = wholemodule;
				SWIFT_OPTIMIZATION_LEVEL = "-O";
				VALIDATE_PRODUCT = YES;
			};
			name = Release;
		};
		A9944C8829C45128003F83EF /* Debug */ = {
			isa = XCBuildConfiguration;
			baseConfigurationReference = 0171BAD86216623CABFB7526 /* Pods-TrendAvm.debug.xcconfig */;
			buildSettings = {
				ASSETCATALOG_COMPILER_APPICON_NAME = AppIcon;
				ASSETCATALOG_COMPILER_GLOBAL_ACCENT_COLOR_NAME = AccentColor;
				CLANG_ENABLE_MODULES = YES;
				CODE_SIGN_STYLE = Automatic;
				CURRENT_PROJECT_VERSION = 1;
				DEVELOPMENT_TEAM = B4S697QA32;
				GENERATE_INFOPLIST_FILE = YES;
				INFOPLIST_FILE = TrendAvm/Info.plist;
				INFOPLIST_KEY_UIApplicationSupportsIndirectInputEvents = YES;
				INFOPLIST_KEY_UILaunchStoryboardName = LaunchScreen;
				INFOPLIST_KEY_UIMainStoryboardFile = Main;
				INFOPLIST_KEY_UISupportedInterfaceOrientations_iPad = "UIInterfaceOrientationPortrait UIInterfaceOrientationPortraitUpsideDown UIInterfaceOrientationLandscapeLeft UIInterfaceOrientationLandscapeRight";
				INFOPLIST_KEY_UISupportedInterfaceOrientations_iPhone = "UIInterfaceOrientationPortrait UIInterfaceOrientationLandscapeLeft UIInterfaceOrientationLandscapeRight";
				IPHONEOS_DEPLOYMENT_TARGET = 16.0;
				LD_RUNPATH_SEARCH_PATHS = (
					"$(inherited)",
					"@executable_path/Frameworks",
				);
				MARKETING_VERSION = 1.0;
				PRODUCT_BUNDLE_IDENTIFIER = com.beriresenayvaz.TrendAvm;
				PRODUCT_NAME = "$(TARGET_NAME)";
				SWIFT_EMIT_LOC_STRINGS = YES;
				SWIFT_OPTIMIZATION_LEVEL = "-Onone";
				SWIFT_VERSION = 5.0;
				TARGETED_DEVICE_FAMILY = "1,2";
			};
			name = Debug;
		};
		A9944C8929C45128003F83EF /* Release */ = {
			isa = XCBuildConfiguration;
			baseConfigurationReference = 223EFD5ACE76D2CFBFB66851 /* Pods-TrendAvm.release.xcconfig */;
			buildSettings = {
				ASSETCATALOG_COMPILER_APPICON_NAME = AppIcon;
				ASSETCATALOG_COMPILER_GLOBAL_ACCENT_COLOR_NAME = AccentColor;
				CLANG_ENABLE_MODULES = YES;
				CODE_SIGN_STYLE = Automatic;
				CURRENT_PROJECT_VERSION = 1;
				DEVELOPMENT_TEAM = B4S697QA32;
				GENERATE_INFOPLIST_FILE = YES;
				INFOPLIST_FILE = TrendAvm/Info.plist;
				INFOPLIST_KEY_UIApplicationSupportsIndirectInputEvents = YES;
				INFOPLIST_KEY_UILaunchStoryboardName = LaunchScreen;
				INFOPLIST_KEY_UIMainStoryboardFile = Main;
				INFOPLIST_KEY_UISupportedInterfaceOrientations_iPad = "UIInterfaceOrientationPortrait UIInterfaceOrientationPortraitUpsideDown UIInterfaceOrientationLandscapeLeft UIInterfaceOrientationLandscapeRight";
				INFOPLIST_KEY_UISupportedInterfaceOrientations_iPhone = "UIInterfaceOrientationPortrait UIInterfaceOrientationLandscapeLeft UIInterfaceOrientationLandscapeRight";
				IPHONEOS_DEPLOYMENT_TARGET = 16.0;
				LD_RUNPATH_SEARCH_PATHS = (
					"$(inherited)",
					"@executable_path/Frameworks",
				);
				MARKETING_VERSION = 1.0;
				PRODUCT_BUNDLE_IDENTIFIER = com.beriresenayvaz.TrendAvm;
				PRODUCT_NAME = "$(TARGET_NAME)";
				SWIFT_EMIT_LOC_STRINGS = YES;
				SWIFT_VERSION = 5.0;
				TARGETED_DEVICE_FAMILY = "1,2";
			};
			name = Release;
		};
/* End XCBuildConfiguration section */

/* Begin XCConfigurationList section */
		A9944C6E29C45128003F83EF /* Build configuration list for PBXProject "TrendAvm" */ = {
			isa = XCConfigurationList;
			buildConfigurations = (
				A9944C8529C45128003F83EF /* Debug */,
				A9944C8629C45128003F83EF /* Release */,
			);
			defaultConfigurationIsVisible = 0;
			defaultConfigurationName = Release;
		};
		A9944C8729C45128003F83EF /* Build configuration list for PBXNativeTarget "TrendAvm" */ = {
			isa = XCConfigurationList;
			buildConfigurations = (
				A9944C8829C45128003F83EF /* Debug */,
				A9944C8929C45128003F83EF /* Release */,
			);
			defaultConfigurationIsVisible = 0;
			defaultConfigurationName = Release;
		};
/* End XCConfigurationList section */

/* Begin XCRemoteSwiftPackageReference section */
		A9944C9129C451A4003F83EF /* XCRemoteSwiftPackageReference "MBProgressHUD" */ = {
			isa = XCRemoteSwiftPackageReference;
			repositoryURL = "https://github.com/jdg/MBProgressHUD.git";
			requirement = {
				kind = upToNextMajorVersion;
				minimumVersion = 1.0.0;
			};
		};
		A9944C9429C451BD003F83EF /* XCRemoteSwiftPackageReference "Alamofire" */ = {
			isa = XCRemoteSwiftPackageReference;
			repositoryURL = "https://github.com/Alamofire/Alamofire.git";
			requirement = {
				kind = upToNextMajorVersion;
				minimumVersion = 5.0.0;
			};
		};
		A9944C9729C451D4003F83EF /* XCRemoteSwiftPackageReference "Kingfisher" */ = {
			isa = XCRemoteSwiftPackageReference;
			repositoryURL = "https://github.com/onevcat/Kingfisher.git";
			requirement = {
				kind = upToNextMajorVersion;
				minimumVersion = 7.0.0;
			};
		};
		A9944C9A29C451F1003F83EF /* XCRemoteSwiftPackageReference "SwiftyJSON" */ = {
			isa = XCRemoteSwiftPackageReference;
			repositoryURL = "https://github.com/SwiftyJSON/SwiftyJSON.git";
			requirement = {
				kind = upToNextMajorVersion;
				minimumVersion = 5.0.0;
			};
		};
		A9944C9D29C45211003F83EF /* XCRemoteSwiftPackageReference "SnapKit" */ = {
			isa = XCRemoteSwiftPackageReference;
			repositoryURL = "https://github.com/SnapKit/SnapKit.git";
			requirement = {
				kind = upToNextMajorVersion;
				minimumVersion = 5.0.0;
			};
		};
/* End XCRemoteSwiftPackageReference section */

/* Begin XCSwiftPackageProductDependency section */
		A9944C9229C451A4003F83EF /* MBProgressHUD */ = {
			isa = XCSwiftPackageProductDependency;
			package = A9944C9129C451A4003F83EF /* XCRemoteSwiftPackageReference "MBProgressHUD" */;
			productName = MBProgressHUD;
		};
		A9944C9529C451BD003F83EF /* Alamofire */ = {
			isa = XCSwiftPackageProductDependency;
			package = A9944C9429C451BD003F83EF /* XCRemoteSwiftPackageReference "Alamofire" */;
			productName = Alamofire;
		};
		A9944C9829C451D4003F83EF /* Kingfisher */ = {
			isa = XCSwiftPackageProductDependency;
			package = A9944C9729C451D4003F83EF /* XCRemoteSwiftPackageReference "Kingfisher" */;
			productName = Kingfisher;
		};
		A9944C9B29C451F1003F83EF /* SwiftyJSON */ = {
			isa = XCSwiftPackageProductDependency;
			package = A9944C9A29C451F1003F83EF /* XCRemoteSwiftPackageReference "SwiftyJSON" */;
			productName = SwiftyJSON;
		};
		A9944C9E29C45211003F83EF /* SnapKit */ = {
			isa = XCSwiftPackageProductDependency;
			package = A9944C9D29C45211003F83EF /* XCRemoteSwiftPackageReference "SnapKit" */;
			productName = SnapKit;
		};
/* End XCSwiftPackageProductDependency section */
	};
	rootObject = A9944C6B29C45128003F83EF /* Project object */;
}
